--- 
dependencies: 
  haml: 
    group: 
    - :default
    version: ~> 3.0
  dm-validations: 
    group: 
    - :default
    version: = 1.0.2
  dm-mysql-adapter: 
    group: 
    - :default
    version: = 1.0.2
  uuidtools: 
    group: 
    - :default
    version: = 2.1.1
  data_objects: 
    group: 
    - :default
    version: = 0.10.2
  rake: 
    group: 
    - :default
    version: ">= 0"
  addressable: 
    group: 
    - :default
    version: ~> 2.2
  dm-types: 
    group: 
    - :default
    version: = 1.0.2
  thor: 
    group: 
    - :default
    version: = 0.9.9
  dm-aggregates: 
    group: 
    - :default
    version: = 1.0.2
  dm-observer: 
    group: 
    - :default
    version: = 1.0.2
  delayed_job: 
    group: 
    - :default
    version: = 2.0.4
  dm-timestamps: 
    group: 
    - :default
    version: = 1.0.2
  dm-core: 
    group: 
    - :default
    version: = 1.0.2
  rack: 
    group: 
    - :default
    version: = 1.1.0
  sinatra: 
    group: 
    - :default
    version: = 1.0.0
  json: 
    group: 
    - :default
    version: ~> 1.4
  do_mysql: 
    group: 
    - :default
    version: = 0.10.2
  bcrypt-ruby: 
    group: 
    - :default
    version: = 2.1.2
  extlib: 
    group: 
    - :default
    version: = 0.9.15
  sinatra-ditties: 
    group: 
    - :default
    version: ">= 0"
  activesupport: 
    group: 
    - :default
    version: = 2.3.8
  bcat: 
    group: 
    - :default
    version: ~> 0.5
  dm-migrations: 
    group: 
    - :default
    version: = 1.0.2
  sinatra-authorization: 
    group: 
    - :default
    version: = 1.0.0
specs: 
- rake: 
    version: 0.8.7
- activesupport: 
    version: 2.3.8
- addressable: 
    version: 2.2.2
- rack: 
    version: 1.1.0
- bcat: 
    version: 0.5.2
- bcrypt-ruby: 
    version: 2.1.2
- daemons: 
    version: 1.1.0
- data_objects: 
    version: 0.10.2
- delayed_job: 
    version: 2.0.4
- extlib: 
    version: 0.9.15
- dm-core: 
    version: 1.0.2
- dm-aggregates: 
    version: 1.0.2
- dm-do-adapter: 
    version: 1.0.2
- dm-migrations: 
    version: 1.0.2
- do_mysql: 
    version: 0.10.2
- dm-mysql-adapter: 
    version: 1.0.2
- dm-observer: 
    version: 1.0.2
- dm-timestamps: 
    version: 1.0.2
- fastercsv: 
    version: 1.5.3
- json_pure: 
    version: 1.4.6
- stringex: 
    version: 1.1.0
- uuidtools: 
    version: 2.1.1
- dm-types: 
    version: 1.0.2
- dm-validations: 
    version: 1.0.2
- haml: 
    version: 3.0.24
- json: 
    version: 1.4.6
- mime-types: 
    version: "1.16"
- mailfactory: 
    version: 1.4.0
- sinatra: 
    version: "1.0"
- sinatra-authorization: 
    version: 1.0.0
- tlsmail: 
    version: 0.0.1
- sinatra-ditties: 
    version: 0.0.2
- thor: 
    version: 0.9.9
hash: e77dcbba15c70d857f56d6e87bd9298260f973df
sources: 
- Rubygems: 
    uri: http://rubygems.org
